
Microsoft Visual Studio Solution File, Format Version 12.00
# Visual Studio 15
VisualStudioVersion = 15.0.28307.489
MinimumVisualStudioVersion = 10.0.40219.1
Project("{FAE04EC0-301F-11D3-BF4B-00C04F79EFBC}") = "Api", "Api\Api.csproj", "{7493D596-2DE2-439D-94A9-C5397C08E4C7}"
EndProject
Global
	GlobalSection(SolutionConfigurationPlatforms) = preSolution
		Debug|Any CPU = Debug|Any CPU
		Release|Any CPU = Release|Any CPU
	EndGlobalSection
	GlobalSection(ProjectConfigurationPlatforms) = postSolution
		{7493D596-2DE2-439D-94A9-C5397C08E4C7}.Debug|Any CPU.ActiveCfg = Debug|Any CPU
		{7493D596-2DE2-439D-94A9-C5397C08E4C7}.Debug|Any CPU.Build.0 = Debug|Any CPU
		{7493D596-2DE2-439D-94A9-C5397C08E4C7}.Release|Any CPU.ActiveCfg = Release|Any CPU
		{7493D596-2DE2-439D-94A9-C5397C08E4C7}.Release|Any CPU.Build.0 = Release|Any CPU
	EndGlobalSection
	GlobalSection(SolutionProperties) = preSolution
		HideSolutionNode = FALSE
	EndGlobalSection
	GlobalSection(ExtensibilityGlobals) = postSolution
		SolutionGuid = {57F16D5A-BC00-4154-94D1-4CED30AD55F2}
	EndGlobalSection
EndGlobal
